
Microsoft Visual Studio Solution File, Format Version 12.00
# Visual Studio Version 17
VisualStudioVersion = 17.10.35122.118
MinimumVisualStudioVersion = 10.0.40219.1
Project("{FAE04EC0-301F-11D3-BF4B-00C04F79EFBC}") = "coincalculator", "coincalculator.csproj", "{7F15CD64-FFBF-49B3-83A1-13C3C3C09C8E}"
EndProject
Global
	GlobalSection(SolutionConfigurationPlatforms) = preSolution
		Debug|Any CPU = Debug|Any CPU
		Release|Any CPU = Release|Any CPU
	EndGlobalSection
	GlobalSection(ProjectConfigurationPlatforms) = postSolution
		{7F15CD64-FFBF-49B3-83A1-13C3C3C09C8E}.Debug|Any CPU.ActiveCfg = Debug|Any CPU
		{7F15CD64-FFBF-49B3-83A1-13C3C3C09C8E}.Debug|Any CPU.Build.0 = Debug|Any CPU
		{7F15CD64-FFBF-49B3-83A1-13C3C3C09C8E}.Release|Any CPU.ActiveCfg = Release|Any CPU
		{7F15CD64-FFBF-49B3-83A1-13C3C3C09C8E}.Release|Any CPU.Build.0 = Release|Any CPU
	EndGlobalSection
	GlobalSection(SolutionProperties) = preSolution
		HideSolutionNode = FALSE
	EndGlobalSection
	GlobalSection(ExtensibilityGlobals) = postSolution
		SolutionGuid = {F2297302-E5E6-4F4B-9C71-5CC7783CC142}
	EndGlobalSection
EndGlobal
