
Microsoft Visual Studio Solution File, Format Version 12.00
# Visual Studio Version 17
VisualStudioVersion = 17.10.35122.118
MinimumVisualStudioVersion = 10.0.40219.1
Project("{FAE04EC0-301F-11D3-BF4B-00C04F79EFBC}") = "KohvikSwitch", "KohvikSwitch.csproj", "{345EA1ED-B17B-4312-B7EB-4484F132FD0D}"
EndProject
Global
	GlobalSection(SolutionConfigurationPlatforms) = preSolution
		Debug|Any CPU = Debug|Any CPU
		Release|Any CPU = Release|Any CPU
	EndGlobalSection
	GlobalSection(ProjectConfigurationPlatforms) = postSolution
		{345EA1ED-B17B-4312-B7EB-4484F132FD0D}.Debug|Any CPU.ActiveCfg = Debug|Any CPU
		{345EA1ED-B17B-4312-B7EB-4484F132FD0D}.Debug|Any CPU.Build.0 = Debug|Any CPU
		{345EA1ED-B17B-4312-B7EB-4484F132FD0D}.Release|Any CPU.ActiveCfg = Release|Any CPU
		{345EA1ED-B17B-4312-B7EB-4484F132FD0D}.Release|Any CPU.Build.0 = Release|Any CPU
	EndGlobalSection
	GlobalSection(SolutionProperties) = preSolution
		HideSolutionNode = FALSE
	EndGlobalSection
	GlobalSection(ExtensibilityGlobals) = postSolution
		SolutionGuid = {868C2272-A207-41DB-A29F-0F40CBC1C687}
	EndGlobalSection
EndGlobal
